```csharp
namespace odev
{
    public partial class Form1 : Form
    {
        public Form1()
        {
            InitializeComponent();
        }
        int yanlisGirisSayisi = 0;

        private void button1_Click(object sender, EventArgs e)
        {
            string girilenSifre = textBox1.Text;
            int kalanDenemeHakki = 3 - yanlisGirisSayisi;

            if (girilenSifre == "palx123")
            {
                MessageBox.Show("Şifre doğru"); 
                Form2 form2 = new Form2();
                form2.Show();
                this.Hide();
            }
            else
            {
                yanlisGirisSayisi++;

                if (kalanDenemeHakki == 0)
                {
                    button1.Enabled = false;
                    MessageBox.Show("Üç, yanlış deneme yaptınız. Giriş devre dışı");
                }
                else
                {
                    MessageBox.Show("Yanlış şifre girdiniz. Kalan deneme hakkınız:" +kalanDenemeHakki);
                }
            }
        }
    }
}```
